
Microsoft Visual Studio Solution File, Format Version 12.00
# Visual Studio 15
VisualStudioVersion = 15.0.28307.329
MinimumVisualStudioVersion = 10.0.40219.1
Project("{888888A0-9F3D-457C-B088-3A5042F75D52}") = "Code_Of_My_Brain", "Code_Of_My_Brain\Code_Of_My_Brain.pyproj", "{62243F47-888C-456E-A83D-6A9466F0F121}"
EndProject
Global
	GlobalSection(SolutionConfigurationPlatforms) = preSolution
		Debug|Any CPU = Debug|Any CPU
		Release|Any CPU = Release|Any CPU
	EndGlobalSection
	GlobalSection(ProjectConfigurationPlatforms) = postSolution
		{62243F47-888C-456E-A83D-6A9466F0F121}.Debug|Any CPU.ActiveCfg = Debug|Any CPU
		{62243F47-888C-456E-A83D-6A9466F0F121}.Release|Any CPU.ActiveCfg = Release|Any CPU
	EndGlobalSection
	GlobalSection(SolutionProperties) = preSolution
		HideSolutionNode = FALSE
	EndGlobalSection
	GlobalSection(ExtensibilityGlobals) = postSolution
		SolutionGuid = {15C90936-2665-41A5-91CB-1F75783E13CD}
	EndGlobalSection
EndGlobal
